// !$*UTF8*$!
{
	archiveVersion = 1;
	classes = {
	};
	objectVersion = 46;
	objects = {

/* Begin PBXBuildFile section */
		3B6265E618D47C0100A8ED62 /* AudioToolbox.framework in Frameworks */ = {isa = PBXBuildFile; fileRef = 3B6265DD18D47C0100A8ED62 /* AudioToolbox.framework */; };
		3B6265E718D47C0100A8ED62 /* CFNetwork.framework in Frameworks */ = {isa = PBXBuildFile; fileRef = 3B6265DE18D47C0100A8ED62 /* CFNetwork.framework */; };
		3B6265E818D47C0100A8ED62 /* CoreLocation.framework in Frameworks */ = {isa = PBXBuildFile; fileRef = 3B6265DF18D47C0100A8ED62 /* CoreLocation.framework */; };
		3B6265E918D47C0100A8ED62 /* libz.dylib in Frameworks */ = {isa = PBXBuildFile; fileRef = 3B6265E018D47C0100A8ED62 /* libz.dylib */; };
		3B6265EA18D47C0100A8ED62 /* MobileCoreServices.framework in Frameworks */ = {isa = PBXBuildFile; fileRef = 3B6265E118D47C0100A8ED62 /* MobileCoreServices.framework */; };
		3B6265EB18D47C0100A8ED62 /* QuartzCore.framework in Frameworks */ = {isa = PBXBuildFile; fileRef = 3B6265E218D47C0100A8ED62 /* QuartzCore.framework */; };
		3B6265EC18D47C0100A8ED62 /* Security.framework in Frameworks */ = {isa = PBXBuildFile; fileRef = 3B6265E318D47C0100A8ED62 /* Security.framework */; };
		3B6265ED18D47C0100A8ED62 /* StoreKit.framework in Frameworks */ = {isa = PBXBuildFile; fileRef = 3B6265E418D47C0100A8ED62 /* StoreKit.framework */; };
		3B6265EE18D47C0100A8ED62 /* SystemConfiguration.framework in Frameworks */ = {isa = PBXBuildFile; fileRef = 3B6265E518D47C0100A8ED62 /* SystemConfiguration.framework */; };
		3BE8705E18D4759B006131B5 /* Parse.framework in Frameworks */ = {isa = PBXBuildFile; fileRef = 3BE8705D18D4759B006131B5 /* Parse.framework */; };
		3BE8705F18D4759C006131B5 /* Parse.framework in Frameworks */ = {isa = PBXBuildFile; fileRef = 3BE8705D18D4759B006131B5 /* Parse.framework */; };
		6BE4608B6F1AABC3736E5107 /* PRETAppDelegate.m in Sources */ = {isa = PBXBuildFile; fileRef = 6BE46A69A8185BAB75ABC3E6 /* PRETAppDelegate.m */; };
		6BE462D1EA8E0C71A082C3A3 /* Images.xcassets in Resources */ = {isa = PBXBuildFile; fileRef = 6BE469982648A857F4C8002A /* Images.xcassets */; };
		6BE463537A4764961EB2F9B8 /* UIColor+WikiaColorTools.m in Sources */ = {isa = PBXBuildFile; fileRef = 6BE46F963CECDFADDD36FBD4 /* UIColor+WikiaColorTools.m */; };
		6BE4636D8C5620A548ECA839 /* CoreGraphics.framework in Frameworks */ = {isa = PBXBuildFile; fileRef = 6BE46FAB945B83B383AE1D54 /* CoreGraphics.framework */; };
		6BE46398557C67F6ABCB5BF2 /* PRETHomeViewController.m in Sources */ = {isa = PBXBuildFile; fileRef = 6BE468C8A0B160D266704742 /* PRETHomeViewController.m */; };
		6BE463DC3B6E4629EB287B38 /* main.m in Sources */ = {isa = PBXBuildFile; fileRef = 6BE468C9A8484322E55F4F5B /* main.m */; };
		6BE4660A56AC17B547EBEC68 /* InfoPlist.strings in Resources */ = {isa = PBXBuildFile; fileRef = 6BE466BFB25C2BC200C54445 /* InfoPlist.strings */; };
		6BE466BA0A173C91FDCEB082 /* PRETTests.m in Sources */ = {isa = PBXBuildFile; fileRef = 6BE464F64ED478E34B212F07 /* PRETTests.m */; };
		6BE46722F2FA05617EDFB182 /* InfoPlist.strings in Resources */ = {isa = PBXBuildFile; fileRef = 6BE4666746AD852819A37D47 /* InfoPlist.strings */; };
		6BE4679E748FF44974DF25B0 /* UIKit.framework in Frameworks */ = {isa = PBXBuildFile; fileRef = 6BE465954108B29C4A8326A8 /* UIKit.framework */; };
		6BE4688249C6238C12947748 /* XCTest.framework in Frameworks */ = {isa = PBXBuildFile; fileRef = 6BE46A828D2968CF2100D39E /* XCTest.framework */; };
		6BE468C5C29629BEC7FAB875 /* UIKit.framework in Frameworks */ = {isa = PBXBuildFile; fileRef = 6BE465954108B29C4A8326A8 /* UIKit.framework */; };
		6BE46BC4469A8949B8D6789B /* Foundation.framework in Frameworks */ = {isa = PBXBuildFile; fileRef = 6BE46D95C89D8038CB65B192 /* Foundation.framework */; };
		6BE46BC55F98D7E01A22607A /* PRETAboutViewController.m in Sources */ = {isa = PBXBuildFile; fileRef = 6BE466CAF2E4C6FA58877CC8 /* PRETAboutViewController.m */; };
		6BE46DFCFBADC9E3322ACF0B /* PRETHomeView.m in Sources */ = {isa = PBXBuildFile; fileRef = 6BE460C05366518B2B545E3E /* PRETHomeView.m */; };
		6BE46F7BC92437226A8BEAE7 /* Foundation.framework in Frameworks */ = {isa = PBXBuildFile; fileRef = 6BE46D95C89D8038CB65B192 /* Foundation.framework */; };
		6BE46F94AF48CB08D9154EAD /* PRETAboutView.m in Sources */ = {isa = PBXBuildFile; fileRef = 6BE46BC5699811C9C2DF1592 /* PRETAboutView.m */; };
/* End PBXBuildFile section */

/* Begin PBXContainerItemProxy section */
		6BE466B3465D7EEBB43670A2 /* PBXContainerItemProxy */ = {
			isa = PBXContainerItemProxy;
			containerPortal = 6BE46500891E3FC650FFF776 /* Project object */;
			proxyType = 1;
			remoteGlobalIDString = 6BE4688C5F4D6DA410BD551F;
			remoteInfo = PRET;
		};
/* End PBXContainerItemProxy section */

/* Begin PBXFileReference section */
		3B6265DD18D47C0100A8ED62 /* AudioToolbox.framework */ = {isa = PBXFileReference; lastKnownFileType = wrapper.framework; name = AudioToolbox.framework; path = System/Library/Frameworks/AudioToolbox.framework; sourceTree = SDKROOT; };
		3B6265DE18D47C0100A8ED62 /* CFNetwork.framework */ = {isa = PBXFileReference; lastKnownFileType = wrapper.framework; name = CFNetwork.framework; path = System/Library/Frameworks/CFNetwork.framework; sourceTree = SDKROOT; };
		3B6265DF18D47C0100A8ED62 /* CoreLocation.framework */ = {isa = PBXFileReference; lastKnownFileType = wrapper.framework; name = CoreLocation.framework; path = System/Library/Frameworks/CoreLocation.framework; sourceTree = SDKROOT; };
		3B6265E018D47C0100A8ED62 /* libz.dylib */ = {isa = PBXFileReference; lastKnownFileType = "compiled.mach-o.dylib"; name = libz.dylib; path = usr/lib/libz.dylib; sourceTree = SDKROOT; };
		3B6265E118D47C0100A8ED62 /* MobileCoreServices.framework */ = {isa = PBXFileReference; lastKnownFileType = wrapper.framework; name = MobileCoreServices.framework; path = System/Library/Frameworks/MobileCoreServices.framework; sourceTree = SDKROOT; };
		3B6265E218D47C0100A8ED62 /* QuartzCore.framework */ = {isa = PBXFileReference; lastKnownFileType = wrapper.framework; name = QuartzCore.framework; path = System/Library/Frameworks/QuartzCore.framework; sourceTree = SDKROOT; };
		3B6265E318D47C0100A8ED62 /* Security.framework */ = {isa = PBXFileReference; lastKnownFileType = wrapper.framework; name = Security.framework; path = System/Library/Frameworks/Security.framework; sourceTree = SDKROOT; };
		3B6265E418D47C0100A8ED62 /* StoreKit.framework */ = {isa = PBXFileReference; lastKnownFileType = wrapper.framework; name = StoreKit.framework; path = System/Library/Frameworks/StoreKit.framework; sourceTree = SDKROOT; };
		3B6265E518D47C0100A8ED62 /* SystemConfiguration.framework */ = {isa = PBXFileReference; lastKnownFileType = wrapper.framework; name = SystemConfiguration.framework; path = System/Library/Frameworks/SystemConfiguration.framework; sourceTree = SDKROOT; };
		3BE8705D18D4759B006131B5 /* Parse.framework */ = {isa = PBXFileReference; lastKnownFileType = wrapper.framework; path = Parse.framework; sourceTree = "<group>"; };
		6BE460C05366518B2B545E3E /* PRETHomeView.m */ = {isa = PBXFileReference; fileEncoding = 4; lastKnownFileType = sourcecode.c.objc; path = PRETHomeView.m; sourceTree = "<group>"; };
		6BE462C5DE319B706250E645 /* PRET-Info.plist */ = {isa = PBXFileReference; lastKnownFileType = text.plist.info; path = "PRET-Info.plist"; sourceTree = "<group>"; };
		6BE464EC45D4FFC272BDA55D /* PRETAboutView.h */ = {isa = PBXFileReference; fileEncoding = 4; lastKnownFileType = sourcecode.c.h; path = PRETAboutView.h; sourceTree = "<group>"; };
		6BE464F5E443F36415074FC3 /* PRETTests.xctest */ = {isa = PBXFileReference; explicitFileType = wrapper.cfbundle; includeInIndex = 0; path = PRETTests.xctest; sourceTree = BUILT_PRODUCTS_DIR; };
		6BE464F64ED478E34B212F07 /* PRETTests.m */ = {isa = PBXFileReference; lastKnownFileType = sourcecode.c.objc; path = PRETTests.m; sourceTree = "<group>"; };
		6BE46566917C58919D20DD22 /* en */ = {isa = PBXFileReference; lastKnownFileType = text.plist.strings; name = en; path = en.lproj/InfoPlist.strings; sourceTree = "<group>"; };
		6BE465954108B29C4A8326A8 /* UIKit.framework */ = {isa = PBXFileReference; lastKnownFileType = wrapper.framework; name = UIKit.framework; path = System/Library/Frameworks/UIKit.framework; sourceTree = SDKROOT; };
		6BE465F113BFFE3C43FD516B /* PRETAboutViewController.h */ = {isa = PBXFileReference; fileEncoding = 4; lastKnownFileType = sourcecode.c.h; path = PRETAboutViewController.h; sourceTree = "<group>"; };
		6BE4664BEC34B42B3A3A5BB3 /* PRETAppDelegate.h */ = {isa = PBXFileReference; lastKnownFileType = sourcecode.c.h; path = PRETAppDelegate.h; sourceTree = "<group>"; };
		6BE466CAF2E4C6FA58877CC8 /* PRETAboutViewController.m */ = {isa = PBXFileReference; fileEncoding = 4; lastKnownFileType = sourcecode.c.objc; path = PRETAboutViewController.m; sourceTree = "<group>"; };
		6BE468C8A0B160D266704742 /* PRETHomeViewController.m */ = {isa = PBXFileReference; fileEncoding = 4; lastKnownFileType = sourcecode.c.objc; path = PRETHomeViewController.m; sourceTree = "<group>"; };
		6BE468C9A8484322E55F4F5B /* main.m */ = {isa = PBXFileReference; lastKnownFileType = sourcecode.c.objc; path = main.m; sourceTree = "<group>"; };
		6BE469982648A857F4C8002A /* Images.xcassets */ = {isa = PBXFileReference; lastKnownFileType = folder.assetcatalog; path = Images.xcassets; sourceTree = "<group>"; };
		6BE469F8FF0FFA2FD5026CF6 /* UIColor+WikiaColorTools.h */ = {isa = PBXFileReference; fileEncoding = 4; lastKnownFileType = sourcecode.c.h; path = "UIColor+WikiaColorTools.h"; sourceTree = "<group>"; };
		6BE46A69A8185BAB75ABC3E6 /* PRETAppDelegate.m */ = {isa = PBXFileReference; lastKnownFileType = sourcecode.c.objc; path = PRETAppDelegate.m; sourceTree = "<group>"; };
		6BE46A828D2968CF2100D39E /* XCTest.framework */ = {isa = PBXFileReference; lastKnownFileType = wrapper.framework; name = XCTest.framework; path = Library/Frameworks/XCTest.framework; sourceTree = DEVELOPER_DIR; };
		6BE46AC1D781D56CA5974B8C /* PRETHomeViewController.h */ = {isa = PBXFileReference; fileEncoding = 4; lastKnownFileType = sourcecode.c.h; path = PRETHomeViewController.h; sourceTree = "<group>"; };
		6BE46BC5699811C9C2DF1592 /* PRETAboutView.m */ = {isa = PBXFileReference; fileEncoding = 4; lastKnownFileType = sourcecode.c.objc; path = PRETAboutView.m; sourceTree = "<group>"; };
		6BE46CEF27E0B011E8D29256 /* en */ = {isa = PBXFileReference; lastKnownFileType = text.plist.strings; name = en; path = en.lproj/InfoPlist.strings; sourceTree = "<group>"; };
		6BE46D95C89D8038CB65B192 /* Foundation.framework */ = {isa = PBXFileReference; lastKnownFileType = wrapper.framework; name = Foundation.framework; path = System/Library/Frameworks/Foundation.framework; sourceTree = SDKROOT; };
		6BE46DCBBF2D4421A761F6AE /* PRETTests-Info.plist */ = {isa = PBXFileReference; lastKnownFileType = text.plist.info; path = "PRETTests-Info.plist"; sourceTree = "<group>"; };
		6BE46E148C4AA5CF657A5DE1 /* PRETHomeView.h */ = {isa = PBXFileReference; fileEncoding = 4; lastKnownFileType = sourcecode.c.h; path = PRETHomeView.h; sourceTree = "<group>"; };
		6BE46EEB343B0DEE4092AB36 /* PRET-Prefix.pch */ = {isa = PBXFileReference; lastKnownFileType = sourcecode.c.h; path = "PRET-Prefix.pch"; sourceTree = "<group>"; };
		6BE46F089BC65BFEEB1281F7 /* PRET.app */ = {isa = PBXFileReference; explicitFileType = wrapper.application; includeInIndex = 0; path = PRET.app; sourceTree = BUILT_PRODUCTS_DIR; };
		6BE46F963CECDFADDD36FBD4 /* UIColor+WikiaColorTools.m */ = {isa = PBXFileReference; fileEncoding = 4; lastKnownFileType = sourcecode.c.objc; path = "UIColor+WikiaColorTools.m"; sourceTree = "<group>"; };
		6BE46FAB945B83B383AE1D54 /* CoreGraphics.framework */ = {isa = PBXFileReference; lastKnownFileType = wrapper.framework; name = CoreGraphics.framework; path = System/Library/Frameworks/CoreGraphics.framework; sourceTree = SDKROOT; };
/* End PBXFileReference section */

/* Begin PBXFrameworksBuildPhase section */
		6BE46464126A87D02E32071E /* Frameworks */ = {
			isa = PBXFrameworksBuildPhase;
			buildActionMask = 2147483647;
			files = (
				3B6265E618D47C0100A8ED62 /* AudioToolbox.framework in Frameworks */,
				3B6265E718D47C0100A8ED62 /* CFNetwork.framework in Frameworks */,
				3B6265E818D47C0100A8ED62 /* CoreLocation.framework in Frameworks */,
				3B6265E918D47C0100A8ED62 /* libz.dylib in Frameworks */,
				3B6265EA18D47C0100A8ED62 /* MobileCoreServices.framework in Frameworks */,
				3B6265EB18D47C0100A8ED62 /* QuartzCore.framework in Frameworks */,
				3B6265EC18D47C0100A8ED62 /* Security.framework in Frameworks */,
				3B6265ED18D47C0100A8ED62 /* StoreKit.framework in Frameworks */,
				3B6265EE18D47C0100A8ED62 /* SystemConfiguration.framework in Frameworks */,
				6BE4636D8C5620A548ECA839 /* CoreGraphics.framework in Frameworks */,
				6BE46F7BC92437226A8BEAE7 /* Foundation.framework in Frameworks */,
				3BE8705E18D4759B006131B5 /* Parse.framework in Frameworks */,
				6BE4679E748FF44974DF25B0 /* UIKit.framework in Frameworks */,
			);
			runOnlyForDeploymentPostprocessing = 0;
		};
		6BE46B1E5FAAA30DBD8B0554 /* Frameworks */ = {
			isa = PBXFrameworksBuildPhase;
			buildActionMask = 2147483647;
			files = (
				6BE4688249C6238C12947748 /* XCTest.framework in Frameworks */,
				6BE46BC4469A8949B8D6789B /* Foundation.framework in Frameworks */,
				3BE8705F18D4759C006131B5 /* Parse.framework in Frameworks */,
				6BE468C5C29629BEC7FAB875 /* UIKit.framework in Frameworks */,
			);
			runOnlyForDeploymentPostprocessing = 0;
		};
/* End PBXFrameworksBuildPhase section */

/* Begin PBXGroup section */
		6BE4626CAF541ADF902DBF26 /* vendors */ = {
			isa = PBXGroup;
			children = (
				6BE469F8FF0FFA2FD5026CF6 /* UIColor+WikiaColorTools.h */,
				6BE46F963CECDFADDD36FBD4 /* UIColor+WikiaColorTools.m */,
			);
			path = vendors;
			sourceTree = "<group>";
		};
		6BE463BB21F7635FA9DC4DB7 /* Supporting Files */ = {
			isa = PBXGroup;
			children = (
				6BE46DCBBF2D4421A761F6AE /* PRETTests-Info.plist */,
				6BE4666746AD852819A37D47 /* InfoPlist.strings */,
			);
			name = "Supporting Files";
			sourceTree = "<group>";
		};
		6BE463EB251F77A4E54E570A /* PRETTests */ = {
			isa = PBXGroup;
			children = (
				6BE463BB21F7635FA9DC4DB7 /* Supporting Files */,
				6BE464F64ED478E34B212F07 /* PRETTests.m */,
			);
			path = PRETTests;
			sourceTree = "<group>";
		};
		6BE465F009F379CC1CADE6F5 /* home */ = {
			isa = PBXGroup;
			children = (
				6BE468C8A0B160D266704742 /* PRETHomeViewController.m */,
				6BE46AC1D781D56CA5974B8C /* PRETHomeViewController.h */,
				6BE460C05366518B2B545E3E /* PRETHomeView.m */,
				6BE46E148C4AA5CF657A5DE1 /* PRETHomeView.h */,
			);
			path = home;
			sourceTree = "<group>";
		};
		6BE466068AC0E8906A17A33E /* Frameworks */ = {
			isa = PBXGroup;
			children = (
				3B6265DD18D47C0100A8ED62 /* AudioToolbox.framework */,
				3B6265DE18D47C0100A8ED62 /* CFNetwork.framework */,
				3B6265DF18D47C0100A8ED62 /* CoreLocation.framework */,
				3B6265E018D47C0100A8ED62 /* libz.dylib */,
				3B6265E118D47C0100A8ED62 /* MobileCoreServices.framework */,
				3B6265E218D47C0100A8ED62 /* QuartzCore.framework */,
				3B6265E318D47C0100A8ED62 /* Security.framework */,
				3B6265E418D47C0100A8ED62 /* StoreKit.framework */,
				3B6265E518D47C0100A8ED62 /* SystemConfiguration.framework */,
				3BE8705D18D4759B006131B5 /* Parse.framework */,
				6BE46D95C89D8038CB65B192 /* Foundation.framework */,
				6BE46FAB945B83B383AE1D54 /* CoreGraphics.framework */,
				6BE465954108B29C4A8326A8 /* UIKit.framework */,
				6BE46A828D2968CF2100D39E /* XCTest.framework */,
			);
			name = Frameworks;
			sourceTree = "<group>";
		};
		6BE469872B41CC77CE1EB623 = {
			isa = PBXGroup;
			children = (
				6BE46A85A3E8314EA2F78D9B /* Products */,
				6BE466068AC0E8906A17A33E /* Frameworks */,
				6BE46C0FD542ED56999F8A78 /* pret-ios */,
				6BE463EB251F77A4E54E570A /* PRETTests */,
			);
			sourceTree = "<group>";
		};
		6BE469C738BAFD05386B119C /* Supporting Files */ = {
			isa = PBXGroup;
			children = (
				6BE462C5DE319B706250E645 /* PRET-Info.plist */,
				6BE466BFB25C2BC200C54445 /* InfoPlist.strings */,
				6BE468C9A8484322E55F4F5B /* main.m */,
				6BE46EEB343B0DEE4092AB36 /* PRET-Prefix.pch */,
			);
			name = "Supporting Files";
			sourceTree = "<group>";
		};
		6BE46A85A3E8314EA2F78D9B /* Products */ = {
			isa = PBXGroup;
			children = (
				6BE46F089BC65BFEEB1281F7 /* PRET.app */,
				6BE464F5E443F36415074FC3 /* PRETTests.xctest */,
			);
			name = Products;
			sourceTree = "<group>";
		};
		6BE46C0FD542ED56999F8A78 /* pret-ios */ = {
			isa = PBXGroup;
			children = (
				6BE469C738BAFD05386B119C /* Supporting Files */,
				6BE4664BEC34B42B3A3A5BB3 /* PRETAppDelegate.h */,
				6BE46A69A8185BAB75ABC3E6 /* PRETAppDelegate.m */,
				6BE469982648A857F4C8002A /* Images.xcassets */,
				6BE465F009F379CC1CADE6F5 /* home */,
				6BE46D3CDB7564C3B4A911D7 /* about */,
				6BE46EF9D9367E3530C221DF /* Model */,
				6BE4626CAF541ADF902DBF26 /* vendors */,
			);
			path = "pret-ios";
			sourceTree = "<group>";
		};
		6BE46D3CDB7564C3B4A911D7 /* about */ = {
			isa = PBXGroup;
			children = (
				6BE466CAF2E4C6FA58877CC8 /* PRETAboutViewController.m */,
				6BE465F113BFFE3C43FD516B /* PRETAboutViewController.h */,
				6BE46BC5699811C9C2DF1592 /* PRETAboutView.m */,
				6BE464EC45D4FFC272BDA55D /* PRETAboutView.h */,
			);
			path = about;
			sourceTree = "<group>";
		};
		6BE46EF9D9367E3530C221DF /* Model */ = {
			isa = PBXGroup;
			children = (
			);
			path = Model;
			sourceTree = "<group>";
		};
/* End PBXGroup section */

/* Begin PBXNativeTarget section */
		6BE4688C5F4D6DA410BD551F /* PRET */ = {
			isa = PBXNativeTarget;
			buildConfigurationList = 6BE4639127A1843DCC960F4A /* Build configuration list for PBXNativeTarget "PRET" */;
			buildPhases = (
				6BE46320AEC8647192A839D3 /* Sources */,
				6BE46464126A87D02E32071E /* Frameworks */,
				6BE46D66211700598D153E14 /* Resources */,
			);
			buildRules = (
			);
			dependencies = (
			);
			name = PRET;
			productName = PRET;
			productReference = 6BE46F089BC65BFEEB1281F7 /* PRET.app */;
			productType = "com.apple.product-type.application";
		};
		6BE46A1E0CABA0D187825204 /* PRETTests */ = {
			isa = PBXNativeTarget;
			buildConfigurationList = 6BE46BEF51134FD29580E2C2 /* Build configuration list for PBXNativeTarget "PRETTests" */;
			buildPhases = (
				6BE461E650F09F0046713B95 /* Sources */,
				6BE46B1E5FAAA30DBD8B0554 /* Frameworks */,
				6BE46F38516BF0AB78C1AB6C /* Resources */,
			);
			buildRules = (
			);
			dependencies = (
				6BE46F015872D51C5243156C /* PBXTargetDependency */,
			);
			name = PRETTests;
			productName = PRETTests;
			productReference = 6BE464F5E443F36415074FC3 /* PRETTests.xctest */;
			productType = "com.apple.product-type.bundle.unit-test";
		};
/* End PBXNativeTarget section */

/* Begin PBXProject section */
		6BE46500891E3FC650FFF776 /* Project object */ = {
			isa = PBXProject;
			attributes = {
				ORGANIZATIONNAME = "Wikia Inc.";
			};
			buildConfigurationList = 6BE4625EF4CB25C47765976B /* Build configuration list for PBXProject "pret-ios" */;
			compatibilityVersion = "Xcode 3.2";
			developmentRegion = English;
			hasScannedForEncodings = 0;
			knownRegions = (
				en,
			);
			mainGroup = 6BE469872B41CC77CE1EB623;
			productRefGroup = 6BE46A85A3E8314EA2F78D9B /* Products */;
			projectDirPath = "";
			projectRoot = "";
			targets = (
				6BE4688C5F4D6DA410BD551F /* PRET */,
				6BE46A1E0CABA0D187825204 /* PRETTests */,
			);
		};
/* End PBXProject section */

/* Begin PBXResourcesBuildPhase section */
		6BE46D66211700598D153E14 /* Resources */ = {
			isa = PBXResourcesBuildPhase;
			buildActionMask = 2147483647;
			files = (
				6BE4660A56AC17B547EBEC68 /* InfoPlist.strings in Resources */,
				6BE462D1EA8E0C71A082C3A3 /* Images.xcassets in Resources */,
			);
			runOnlyForDeploymentPostprocessing = 0;
		};
		6BE46F38516BF0AB78C1AB6C /* Resources */ = {
			isa = PBXResourcesBuildPhase;
			buildActionMask = 2147483647;
			files = (
				6BE46722F2FA05617EDFB182 /* InfoPlist.strings in Resources */,
			);
			runOnlyForDeploymentPostprocessing = 0;
		};
/* End PBXResourcesBuildPhase section */

/* Begin PBXSourcesBuildPhase section */
		6BE461E650F09F0046713B95 /* Sources */ = {
			isa = PBXSourcesBuildPhase;
			buildActionMask = 2147483647;
			files = (
				6BE466BA0A173C91FDCEB082 /* PRETTests.m in Sources */,
			);
			runOnlyForDeploymentPostprocessing = 0;
		};
		6BE46320AEC8647192A839D3 /* Sources */ = {
			isa = PBXSourcesBuildPhase;
			buildActionMask = 2147483647;
			files = (
				6BE463DC3B6E4629EB287B38 /* main.m in Sources */,
				6BE4608B6F1AABC3736E5107 /* PRETAppDelegate.m in Sources */,
				6BE46398557C67F6ABCB5BF2 /* PRETHomeViewController.m in Sources */,
				6BE46DFCFBADC9E3322ACF0B /* PRETHomeView.m in Sources */,
				6BE46BC55F98D7E01A22607A /* PRETAboutViewController.m in Sources */,
				6BE46F94AF48CB08D9154EAD /* PRETAboutView.m in Sources */,
				6BE463537A4764961EB2F9B8 /* UIColor+WikiaColorTools.m in Sources */,
			);
			runOnlyForDeploymentPostprocessing = 0;
		};
/* End PBXSourcesBuildPhase section */

/* Begin PBXTargetDependency section */
		6BE46F015872D51C5243156C /* PBXTargetDependency */ = {
			isa = PBXTargetDependency;
			target = 6BE4688C5F4D6DA410BD551F /* PRET */;
			targetProxy = 6BE466B3465D7EEBB43670A2 /* PBXContainerItemProxy */;
		};
/* End PBXTargetDependency section */

/* Begin PBXVariantGroup section */
		6BE4666746AD852819A37D47 /* InfoPlist.strings */ = {
			isa = PBXVariantGroup;
			children = (
				6BE46566917C58919D20DD22 /* en */,
			);
			name = InfoPlist.strings;
			sourceTree = "<group>";
		};
		6BE466BFB25C2BC200C54445 /* InfoPlist.strings */ = {
			isa = PBXVariantGroup;
			children = (
				6BE46CEF27E0B011E8D29256 /* en */,
			);
			name = InfoPlist.strings;
			sourceTree = "<group>";
		};
/* End PBXVariantGroup section */

/* Begin XCBuildConfiguration section */
		6BE464B06988808F4A4AB134 /* Debug */ = {
			isa = XCBuildConfiguration;
			buildSettings = {
				FRAMEWORK_SEARCH_PATHS = (
					"$(SDKROOT)/Developer/Library/Frameworks",
					"$(inherited)",
					"/Users/wikia/projects/repos/pret-ios",
				);
				GCC_PRECOMPILE_PREFIX_HEADER = YES;
				GCC_PREFIX_HEADER = "PRET/PRET-Prefix.pch";
				INFOPLIST_FILE = "PRETTests/PRETTests-Info.plist";
				PRODUCT_NAME = "$(TARGET_NAME)";
				WRAPPER_EXTENSION = xctest;
			};
			name = Debug;
		};
		6BE4666BF8D6A2A52B59C566 /* Release */ = {
			isa = XCBuildConfiguration;
			buildSettings = {
				ALWAYS_SEARCH_USER_PATHS = NO;
				ARCHS = "$(ARCHS_STANDARD_INCLUDING_64_BIT)";
				CLANG_CXX_LANGUAGE_STANDARD = "gnu++0x";
				CLANG_CXX_LIBRARY = "libc++";
				CLANG_ENABLE_MODULES = YES;
				CLANG_ENABLE_OBJC_ARC = YES;
				CLANG_WARN_BOOL_CONVERSION = YES;
				CLANG_WARN_CONSTANT_CONVERSION = YES;
				CLANG_WARN_DIRECT_OBJC_ISA_USAGE = YES_ERROR;
				CLANG_WARN_EMPTY_BODY = YES;
				CLANG_WARN_ENUM_CONVERSION = YES;
				CLANG_WARN_INT_CONVERSION = YES;
				CLANG_WARN_OBJC_ROOT_CLASS = YES_ERROR;
				CLANG_WARN__DUPLICATE_METHOD_MATCH = YES;
				"CODE_SIGN_IDENTITY[sdk=iphoneos*]" = "iPhone Developer";
				COPY_PHASE_STRIP = YES;
				ENABLE_NS_ASSERTIONS = NO;
				GCC_C_LANGUAGE_STANDARD = gnu99;
				GCC_WARN_64_TO_32_BIT_CONVERSION = YES;
				GCC_WARN_ABOUT_RETURN_TYPE = YES_ERROR;
				GCC_WARN_UNDECLARED_SELECTOR = YES;
				GCC_WARN_UNINITIALIZED_AUTOS = YES;
				GCC_WARN_UNUSED_FUNCTION = YES;
				GCC_WARN_UNUSED_VARIABLE = YES;
				IPHONEOS_DEPLOYMENT_TARGET = 7.0;
				SDKROOT = iphoneos;
				VALIDATE_PRODUCT = YES;
			};
			name = Release;
		};
		6BE4682559D44F1C9263B338 /* Release */ = {
			isa = XCBuildConfiguration;
			buildSettings = {
				ASSETCATALOG_COMPILER_APPICON_NAME = AppIcon;
				ASSETCATALOG_COMPILER_LAUNCHIMAGE_NAME = LaunchImage;
				FRAMEWORK_SEARCH_PATHS = (
					"$(inherited)",
					"/Users/wikia/projects/repos/pret-ios",
				);
				GCC_PRECOMPILE_PREFIX_HEADER = YES;
				GCC_PREFIX_HEADER = "pret-ios/PRET-Prefix.pch";
				INFOPLIST_FILE = "$(SRCROOT)/pret-ios/PRET-Info.plist";
				PRODUCT_NAME = "$(TARGET_NAME)";
				WRAPPER_EXTENSION = app;
			};
			name = Release;
		};
		6BE468FC8565BF4A70ADE47E /* Debug */ = {
			isa = XCBuildConfiguration;
			buildSettings = {
				ALWAYS_SEARCH_USER_PATHS = NO;
				ARCHS = "$(ARCHS_STANDARD_INCLUDING_64_BIT)";
				CLANG_CXX_LANGUAGE_STANDARD = "gnu++0x";
				CLANG_CXX_LIBRARY = "libc++";
				CLANG_ENABLE_MODULES = YES;
				CLANG_ENABLE_OBJC_ARC = YES;
				CLANG_WARN_BOOL_CONVERSION = YES;
				CLANG_WARN_CONSTANT_CONVERSION = YES;
				CLANG_WARN_DIRECT_OBJC_ISA_USAGE = YES_ERROR;
				CLANG_WARN_EMPTY_BODY = YES;
				CLANG_WARN_ENUM_CONVERSION = YES;
				CLANG_WARN_INT_CONVERSION = YES;
				CLANG_WARN_OBJC_ROOT_CLASS = YES_ERROR;
				CLANG_WARN__DUPLICATE_METHOD_MATCH = YES;
				"CODE_SIGN_IDENTITY[sdk=iphoneos*]" = "iPhone Developer";
				COPY_PHASE_STRIP = NO;
				GCC_C_LANGUAGE_STANDARD = gnu99;
				GCC_DYNAMIC_NO_PIC = NO;
				GCC_OPTIMIZATION_LEVEL = 0;
				GCC_PREPROCESSOR_DEFINITIONS = (
					"DEBUG=1",
					"$(inherited)",
				);
				GCC_SYMBOLS_PRIVATE_EXTERN = NO;
				GCC_WARN_64_TO_32_BIT_CONVERSION = YES;
				GCC_WARN_ABOUT_RETURN_TYPE = YES_ERROR;
				GCC_WARN_UNDECLARED_SELECTOR = YES;
				GCC_WARN_UNINITIALIZED_AUTOS = YES;
				GCC_WARN_UNUSED_FUNCTION = YES;
				GCC_WARN_UNUSED_VARIABLE = YES;
				IPHONEOS_DEPLOYMENT_TARGET = 7.0;
				ONLY_ACTIVE_ARCH = YES;
				SDKROOT = iphoneos;
			};
			name = Debug;
		};
		6BE46CFF5B7B995525F9AF85 /* Release */ = {
			isa = XCBuildConfiguration;
			buildSettings = {
				FRAMEWORK_SEARCH_PATHS = (
					"$(SDKROOT)/Developer/Library/Frameworks",
					"$(inherited)",
					"/Users/wikia/projects/repos/pret-ios",
				);
				GCC_PRECOMPILE_PREFIX_HEADER = YES;
				GCC_PREFIX_HEADER = "PRET/PRET-Prefix.pch";
				INFOPLIST_FILE = "PRETTests/PRETTests-Info.plist";
				PRODUCT_NAME = "$(TARGET_NAME)";
				WRAPPER_EXTENSION = xctest;
			};
			name = Release;
		};
		6BE46FA64C5AEEB27C97015E /* Debug */ = {
			isa = XCBuildConfiguration;
			buildSettings = {
				ASSETCATALOG_COMPILER_APPICON_NAME = AppIcon;
				ASSETCATALOG_COMPILER_LAUNCHIMAGE_NAME = LaunchImage;
				FRAMEWORK_SEARCH_PATHS = (
					"$(inherited)",
					"/Users/wikia/projects/repos/pret-ios",
				);
				GCC_PRECOMPILE_PREFIX_HEADER = YES;
				GCC_PREFIX_HEADER = "pret-ios/PRET-Prefix.pch";
				INFOPLIST_FILE = "$(SRCROOT)/pret-ios/PRET-Info.plist";
				PRODUCT_NAME = "$(TARGET_NAME)";
				WRAPPER_EXTENSION = app;
			};
			name = Debug;
		};
/* End XCBuildConfiguration section */

/* Begin XCConfigurationList section */
		6BE4625EF4CB25C47765976B /* Build configuration list for PBXProject "pret-ios" */ = {
			isa = XCConfigurationList;
			buildConfigurations = (
				6BE4666BF8D6A2A52B59C566 /* Release */,
				6BE468FC8565BF4A70ADE47E /* Debug */,
			);
			defaultConfigurationIsVisible = 0;
			defaultConfigurationName = Release;
		};
		6BE4639127A1843DCC960F4A /* Build configuration list for PBXNativeTarget "PRET" */ = {
			isa = XCConfigurationList;
			buildConfigurations = (
				6BE4682559D44F1C9263B338 /* Release */,
				6BE46FA64C5AEEB27C97015E /* Debug */,
			);
			defaultConfigurationIsVisible = 0;
			defaultConfigurationName = Release;
		};
		6BE46BEF51134FD29580E2C2 /* Build configuration list for PBXNativeTarget "PRETTests" */ = {
			isa = XCConfigurationList;
			buildConfigurations = (
				6BE46CFF5B7B995525F9AF85 /* Release */,
				6BE464B06988808F4A4AB134 /* Debug */,
			);
			defaultConfigurationIsVisible = 0;
			defaultConfigurationName = Release;
		};
/* End XCConfigurationList section */
	};
	rootObject = 6BE46500891E3FC650FFF776 /* Project object */;
}
